// !$*UTF8*$!
{
	archiveVersion = 1;
	classes = {
	};
	objectVersion = 56;
	objects = {

/* Begin PBXBuildFile section */
		EA3B7D0E29DC3E16005AF0F3 /* QuoteDetailView.swift in Sources */ = {isa = PBXBuildFile; fileRef = EA3B7D0D29DC3E16005AF0F3 /* QuoteDetailView.swift */; };
		EA3B7D1029DC598B005AF0F3 /* CardView.swift in Sources */ = {isa = PBXBuildFile; fileRef = EA3B7D0F29DC598B005AF0F3 /* CardView.swift */; };
		EA5B937629DB5FBE00D40125 /* Data.json in Resources */ = {isa = PBXBuildFile; fileRef = EA5B937529DB5FBE00D40125 /* Data.json */; };
		EA5B937829DB665D00D40125 /* Quote.swift in Sources */ = {isa = PBXBuildFile; fileRef = EA5B937729DB665D00D40125 /* Quote.swift */; };
		EA5B937A29DB66C800D40125 /* QuoteModel.swift in Sources */ = {isa = PBXBuildFile; fileRef = EA5B937929DB66C800D40125 /* QuoteModel.swift */; };
		EA5B937D29DB679D00D40125 /* DataService.swift in Sources */ = {isa = PBXBuildFile; fileRef = EA5B937C29DB679D00D40125 /* DataService.swift */; };
		EA80E51929DB5DE400441BE9 /* Quoets_AnkaraApp.swift in Sources */ = {isa = PBXBuildFile; fileRef = EA80E51829DB5DE400441BE9 /* Quoets_AnkaraApp.swift */; };
		EA80E51B29DB5DE400441BE9 /* ContentView.swift in Sources */ = {isa = PBXBuildFile; fileRef = EA80E51A29DB5DE400441BE9 /* ContentView.swift */; };
		EA80E51D29DB5DE900441BE9 /* Assets.xcassets in Resources */ = {isa = PBXBuildFile; fileRef = EA80E51C29DB5DE900441BE9 /* Assets.xcassets */; };
		EA80E52029DB5DE900441BE9 /* Preview Assets.xcassets in Resources */ = {isa = PBXBuildFile; fileRef = EA80E51F29DB5DE900441BE9 /* Preview Assets.xcassets */; };
/* End PBXBuildFile section */

/* Begin PBXFileReference section */
		EA3B7D0D29DC3E16005AF0F3 /* QuoteDetailView.swift */ = {isa = PBXFileReference; lastKnownFileType = sourcecode.swift; path = QuoteDetailView.swift; sourceTree = "<group>"; };
		EA3B7D0F29DC598B005AF0F3 /* CardView.swift */ = {isa = PBXFileReference; lastKnownFileType = sourcecode.swift; path = CardView.swift; sourceTree = "<group>"; };
		EA5B937529DB5FBE00D40125 /* Data.json */ = {isa = PBXFileReference; lastKnownFileType = text.json; path = Data.json; sourceTree = "<group>"; };
		EA5B937729DB665D00D40125 /* Quote.swift */ = {isa = PBXFileReference; lastKnownFileType = sourcecode.swift; path = Quote.swift; sourceTree = "<group>"; };
		EA5B937929DB66C800D40125 /* QuoteModel.swift */ = {isa = PBXFileReference; lastKnownFileType = sourcecode.swift; path = QuoteModel.swift; sourceTree = "<group>"; };
		EA5B937C29DB679D00D40125 /* DataService.swift */ = {isa = PBXFileReference; lastKnownFileType = sourcecode.swift; path = DataService.swift; sourceTree = "<group>"; };
		EA80E51529DB5DE400441BE9 /* Quoets-Ankara.app */ = {isa = PBXFileReference; explicitFileType = wrapper.application; includeInIndex = 0; path = "Quoets-Ankara.app"; sourceTree = BUILT_PRODUCTS_DIR; };
		EA80E51829DB5DE400441BE9 /* Quoets_AnkaraApp.swift */ = {isa = PBXFileReference; lastKnownFileType = sourcecode.swift; path = Quoets_AnkaraApp.swift; sourceTree = "<group>"; };
		EA80E51A29DB5DE400441BE9 /* ContentView.swift */ = {isa = PBXFileReference; lastKnownFileType = sourcecode.swift; path = ContentView.swift; sourceTree = "<group>"; };
		EA80E51C29DB5DE900441BE9 /* Assets.xcassets */ = {isa = PBXFileReference; lastKnownFileType = folder.assetcatalog; path = Assets.xcassets; sourceTree = "<group>"; };
		EA80E51F29DB5DE900441BE9 /* Preview Assets.xcassets */ = {isa = PBXFileReference; lastKnownFileType = folder.assetcatalog; path = "Preview Assets.xcassets"; sourceTree = "<group>"; };
/* End PBXFileReference section */

/* Begin PBXFrameworksBuildPhase section */
		EA80E51229DB5DE400441BE9 /* Frameworks */ = {
			isa = PBXFrameworksBuildPhase;
			buildActionMask = 2147483647;
			files = (
			);
			runOnlyForDeploymentPostprocessing = 0;
		};
/* End PBXFrameworksBuildPhase section */

/* Begin PBXGroup section */
		EA5B937B29DB676B00D40125 /* Services */ = {
			isa = PBXGroup;
			children = (
				EA5B937C29DB679D00D40125 /* DataService.swift */,
			);
			path = Services;
			sourceTree = "<group>";
		};
		EA80E50C29DB5DE400441BE9 = {
			isa = PBXGroup;
			children = (
				EA80E51729DB5DE400441BE9 /* Quoets-Ankara */,
				EA80E51629DB5DE400441BE9 /* Products */,
			);
			sourceTree = "<group>";
		};
		EA80E51629DB5DE400441BE9 /* Products */ = {
			isa = PBXGroup;
			children = (
				EA80E51529DB5DE400441BE9 /* Quoets-Ankara.app */,
			);
			name = Products;
			sourceTree = "<group>";
		};
		EA80E51729DB5DE400441BE9 /* Quoets-Ankara */ = {
			isa = PBXGroup;
			children = (
				EA5B937B29DB676B00D40125 /* Services */,
				EA80E52929DB5E1500441BE9 /* Data */,
				EA80E52829DB5E0700441BE9 /* ViewModels */,
				EA80E52729DB5E0000441BE9 /* Models */,
				EA80E52629DB5DF400441BE9 /* Views */,
				EA80E51829DB5DE400441BE9 /* Quoets_AnkaraApp.swift */,
				EA80E51C29DB5DE900441BE9 /* Assets.xcassets */,
				EA80E51E29DB5DE900441BE9 /* Preview Content */,
			);
			path = "Quoets-Ankara";
			sourceTree = "<group>";
		};
		EA80E51E29DB5DE900441BE9 /* Preview Content */ = {
			isa = PBXGroup;
			children = (
				EA80E51F29DB5DE900441BE9 /* Preview Assets.xcassets */,
			);
			path = "Preview Content";
			sourceTree = "<group>";
		};
		EA80E52629DB5DF400441BE9 /* Views */ = {
			isa = PBXGroup;
			children = (
				EA80E51A29DB5DE400441BE9 /* ContentView.swift */,
				EA3B7D0D29DC3E16005AF0F3 /* QuoteDetailView.swift */,
				EA3B7D0F29DC598B005AF0F3 /* CardView.swift */,
			);
			path = Views;
			sourceTree = "<group>";
		};
		EA80E52729DB5E0000441BE9 /* Models */ = {
			isa = PBXGroup;
			children = (
				EA5B937729DB665D00D40125 /* Quote.swift */,
			);
			path = Models;
			sourceTree = "<group>";
		};
		EA80E52829DB5E0700441BE9 /* ViewModels */ = {
			isa = PBXGroup;
			children = (
				EA5B937929DB66C800D40125 /* QuoteModel.swift */,
			);
			path = ViewModels;
			sourceTree = "<group>";
		};
		EA80E52929DB5E1500441BE9 /* Data */ = {
			isa = PBXGroup;
			children = (
				EA5B937529DB5FBE00D40125 /* Data.json */,
			);
			path = Data;
			sourceTree = "<group>";
		};
/* End PBXGroup section */

/* Begin PBXNativeTarget section */
		EA80E51429DB5DE400441BE9 /* Quoets-Ankara */ = {
			isa = PBXNativeTarget;
			buildConfigurationList = EA80E52329DB5DE900441BE9 /* Build configuration list for PBXNativeTarget "Quoets-Ankara" */;
			buildPhases = (
				EA80E51129DB5DE400441BE9 /* Sources */,
				EA80E51229DB5DE400441BE9 /* Frameworks */,
				EA80E51329DB5DE400441BE9 /* Resources */,
			);
			buildRules = (
			);
			dependencies = (
			);
			name = "Quoets-Ankara";
			productName = "Quoets-Ankara";
			productReference = EA80E51529DB5DE400441BE9 /* Quoets-Ankara.app */;
			productType = "com.apple.product-type.application";
		};
/* End PBXNativeTarget section */

/* Begin PBXProject section */
		EA80E50D29DB5DE400441BE9 /* Project object */ = {
			isa = PBXProject;
			attributes = {
				BuildIndependentTargetsInParallel = 1;
				LastSwiftUpdateCheck = 1420;
				LastUpgradeCheck = 1420;
				TargetAttributes = {
					EA80E51429DB5DE400441BE9 = {
						CreatedOnToolsVersion = 14.2;
					};
				};
			};
			buildConfigurationList = EA80E51029DB5DE400441BE9 /* Build configuration list for PBXProject "Quoets-Ankara" */;
			compatibilityVersion = "Xcode 14.0";
			developmentRegion = en;
			hasScannedForEncodings = 0;
			knownRegions = (
				en,
				Base,
			);
			mainGroup = EA80E50C29DB5DE400441BE9;
			productRefGroup = EA80E51629DB5DE400441BE9 /* Products */;
			projectDirPath = "";
			projectRoot = "";
			targets = (
				EA80E51429DB5DE400441BE9 /* Quoets-Ankara */,
			);
		};
/* End PBXProject section */

/* Begin PBXResourcesBuildPhase section */
		EA80E51329DB5DE400441BE9 /* Resources */ = {
			isa = PBXResourcesBuildPhase;
			buildActionMask = 2147483647;
			files = (
				EA80E52029DB5DE900441BE9 /* Preview Assets.xcassets in Resources */,
				EA80E51D29DB5DE900441BE9 /* Assets.xcassets in Resources */,
				EA5B937629DB5FBE00D40125 /* Data.json in Resources */,
			);
			runOnlyForDeploymentPostprocessing = 0;
		};
/* End PBXResourcesBuildPhase section */

/* Begin PBXSourcesBuildPhase section */
		EA80E51129DB5DE400441BE9 /* Sources */ = {
			isa = PBXSourcesBuildPhase;
			buildActionMask = 2147483647;
			files = (
				EA3B7D1029DC598B005AF0F3 /* CardView.swift in Sources */,
				EA3B7D0E29DC3E16005AF0F3 /* QuoteDetailView.swift in Sources */,
				EA80E51B29DB5DE400441BE9 /* ContentView.swift in Sources */,
				EA5B937829DB665D00D40125 /* Quote.swift in Sources */,
				EA5B937A29DB66C800D40125 /* QuoteModel.swift in Sources */,
				EA80E51929DB5DE400441BE9 /* Quoets_AnkaraApp.swift in Sources */,
				EA5B937D29DB679D00D40125 /* DataService.swift in Sources */,
			);
			runOnlyForDeploymentPostprocessing = 0;
		};
/* End PBXSourcesBuildPhase section */

/* Begin XCBuildConfiguration section */
		EA80E52129DB5DE900441BE9 /* Debug */ = {
			isa = XCBuildConfiguration;
			buildSettings = {
				ALWAYS_SEARCH_USER_PATHS = NO;
				CLANG_ANALYZER_NONNULL = YES;
				CLANG_ANALYZER_NUMBER_OBJECT_CONVERSION = YES_AGGRESSIVE;
				CLANG_CXX_LANGUAGE_STANDARD = "gnu++20";
				CLANG_ENABLE_MODULES = YES;
				CLANG_ENABLE_OBJC_ARC = YES;
				CLANG_ENABLE_OBJC_WEAK = YES;
				CLANG_WARN_BLOCK_CAPTURE_AUTORELEASING = YES;
				CLANG_WARN_BOOL_CONVERSION = YES;
				CLANG_WARN_COMMA = YES;
				CLANG_WARN_CONSTANT_CONVERSION = YES;
				CLANG_WARN_DEPRECATED_OBJC_IMPLEMENTATIONS = YES;
				CLANG_WARN_DIRECT_OBJC_ISA_USAGE = YES_ERROR;
				CLANG_WARN_DOCUMENTATION_COMMENTS = YES;
				CLANG_WARN_EMPTY_BODY = YES;
				CLANG_WARN_ENUM_CONVERSION = YES;
				CLANG_WARN_INFINITE_RECURSION = YES;
				CLANG_WARN_INT_CONVERSION = YES;
				CLANG_WARN_NON_LITERAL_NULL_CONVERSION = YES;
				CLANG_WARN_OBJC_IMPLICIT_RETAIN_SELF = YES;
				CLANG_WARN_OBJC_LITERAL_CONVERSION = YES;
				CLANG_WARN_OBJC_ROOT_CLASS = YES_ERROR;
				CLANG_WARN_QUOTED_INCLUDE_IN_FRAMEWORK_HEADER = YES;
				CLANG_WARN_RANGE_LOOP_ANALYSIS = YES;
				CLANG_WARN_STRICT_PROTOTYPES = YES;
				CLANG_WARN_SUSPICIOUS_MOVE = YES;
				CLANG_WARN_UNGUARDED_AVAILABILITY = YES_AGGRESSIVE;
				CLANG_WARN_UNREACHABLE_CODE = YES;
				CLANG_WARN__DUPLICATE_METHOD_MATCH = YES;
				COPY_PHASE_STRIP = NO;
				DEBUG_INFORMATION_FORMAT = dwarf;
				ENABLE_STRICT_OBJC_MSGSEND = YES;
				ENABLE_TESTABILITY = YES;
				GCC_C_LANGUAGE_STANDARD = gnu11;
				GCC_DYNAMIC_NO_PIC = NO;
				GCC_NO_COMMON_BLOCKS = YES;
				GCC_OPTIMIZATION_LEVEL = 0;
				GCC_PREPROCESSOR_DEFINITIONS = (
					"DEBUG=1",
					"$(inherited)",
				);
				GCC_WARN_64_TO_32_BIT_CONVERSION = YES;
				GCC_WARN_ABOUT_RETURN_TYPE = YES_ERROR;
				GCC_WARN_UNDECLARED_SELECTOR = YES;
				GCC_WARN_UNINITIALIZED_AUTOS = YES_AGGRESSIVE;
				GCC_WARN_UNUSED_FUNCTION = YES;
				GCC_WARN_UNUSED_VARIABLE = YES;
				IPHONEOS_DEPLOYMENT_TARGET = 16.2;
				MTL_ENABLE_DEBUG_INFO = INCLUDE_SOURCE;
				MTL_FAST_MATH = YES;
				ONLY_ACTIVE_ARCH = YES;
				SDKROOT = iphoneos;
				SWIFT_ACTIVE_COMPILATION_CONDITIONS = DEBUG;
				SWIFT_OPTIMIZATION_LEVEL = "-Onone";
			};
			name = Debug;
		};
		EA80E52229DB5DE900441BE9 /* Release */ = {
			isa = XCBuildConfiguration;
			buildSettings = {
				ALWAYS_SEARCH_USER_PATHS = NO;
				CLANG_ANALYZER_NONNULL = YES;
				CLANG_ANALYZER_NUMBER_OBJECT_CONVERSION = YES_AGGRESSIVE;
				CLANG_CXX_LANGUAGE_STANDARD = "gnu++20";
				CLANG_ENABLE_MODULES = YES;
				CLANG_ENABLE_OBJC_ARC = YES;
				CLANG_ENABLE_OBJC_WEAK = YES;
				CLANG_WARN_BLOCK_CAPTURE_AUTORELEASING = YES;
				CLANG_WARN_BOOL_CONVERSION = YES;
				CLANG_WARN_COMMA = YES;
				CLANG_WARN_CONSTANT_CONVERSION = YES;
				CLANG_WARN_DEPRECATED_OBJC_IMPLEMENTATIONS = YES;
				CLANG_WARN_DIRECT_OBJC_ISA_USAGE = YES_ERROR;
				CLANG_WARN_DOCUMENTATION_COMMENTS = YES;
				CLANG_WARN_EMPTY_BODY = YES;
				CLANG_WARN_ENUM_CONVERSION = YES;
				CLANG_WARN_INFINITE_RECURSION = YES;
				CLANG_WARN_INT_CONVERSION = YES;
				CLANG_WARN_NON_LITERAL_NULL_CONVERSION = YES;
				CLANG_WARN_OBJC_IMPLICIT_RETAIN_SELF = YES;
				CLANG_WARN_OBJC_LITERAL_CONVERSION = YES;
				CLANG_WARN_OBJC_ROOT_CLASS = YES_ERROR;
				CLANG_WARN_QUOTED_INCLUDE_IN_FRAMEWORK_HEADER = YES;
				CLANG_WARN_RANGE_LOOP_ANALYSIS = YES;
				CLANG_WARN_STRICT_PROTOTYPES = YES;
				CLANG_WARN_SUSPICIOUS_MOVE = YES;
				CLANG_WARN_UNGUARDED_AVAILABILITY = YES_AGGRESSIVE;
				CLANG_WARN_UNREACHABLE_CODE = YES;
				CLANG_WARN__DUPLICATE_METHOD_MATCH = YES;
				COPY_PHASE_STRIP = NO;
				DEBUG_INFORMATION_FORMAT = "dwarf-with-dsym";
				ENABLE_NS_ASSERTIONS = NO;
				ENABLE_STRICT_OBJC_MSGSEND = YES;
				GCC_C_LANGUAGE_STANDARD = gnu11;
				GCC_NO_COMMON_BLOCKS = YES;
				GCC_WARN_64_TO_32_BIT_CONVERSION = YES;
				GCC_WARN_ABOUT_RETURN_TYPE = YES_ERROR;
				GCC_WARN_UNDECLARED_SELECTOR = YES;
				GCC_WARN_UNINITIALIZED_AUTOS = YES_AGGRESSIVE;
				GCC_WARN_UNUSED_FUNCTION = YES;
				GCC_WARN_UNUSED_VARIABLE = YES;
				IPHONEOS_DEPLOYMENT_TARGET = 16.2;
				MTL_ENABLE_DEBUG_INFO = NO;
				MTL_FAST_MATH = YES;
				SDKROOT = iphoneos;
				SWIFT_COMPILATION_MODE = wholemodule;
				SWIFT_OPTIMIZATION_LEVEL = "-O";
				VALIDATE_PRODUCT = YES;
			};
			name = Release;
		};
		EA80E52429DB5DE900441BE9 /* Debug */ = {
			isa = XCBuildConfiguration;
			buildSettings = {
				ASSETCATALOG_COMPILER_APPICON_NAME = AppIcon;
				ASSETCATALOG_COMPILER_GLOBAL_ACCENT_COLOR_NAME = AccentColor;
				CODE_SIGN_STYLE = Automatic;
				CURRENT_PROJECT_VERSION = 1;
				DEVELOPMENT_ASSET_PATHS = "\"Quoets-Ankara/Preview Content\"";
				DEVELOPMENT_TEAM = J6WDBVB643;
				ENABLE_PREVIEWS = YES;
				GENERATE_INFOPLIST_FILE = YES;
				INFOPLIST_KEY_UIApplicationSceneManifest_Generation = YES;
				INFOPLIST_KEY_UIApplicationSupportsIndirectInputEvents = YES;
				INFOPLIST_KEY_UILaunchScreen_Generation = YES;
				INFOPLIST_KEY_UISupportedInterfaceOrientations_iPad = "UIInterfaceOrientationPortrait UIInterfaceOrientationPortraitUpsideDown UIInterfaceOrientationLandscapeLeft UIInterfaceOrientationLandscapeRight";
				INFOPLIST_KEY_UISupportedInterfaceOrientations_iPhone = "UIInterfaceOrientationPortrait UIInterfaceOrientationLandscapeLeft UIInterfaceOrientationLandscapeRight";
				LD_RUNPATH_SEARCH_PATHS = (
					"$(inherited)",
					"@executable_path/Frameworks",
				);
				MARKETING_VERSION = 1.0;
				PRODUCT_BUNDLE_IDENTIFIER = "com.sametcagriaktepe.Quoets-Ankara";
				PRODUCT_NAME = "$(TARGET_NAME)";
				SWIFT_EMIT_LOC_STRINGS = YES;
				SWIFT_VERSION = 5.0;
				TARGETED_DEVICE_FAMILY = "1,2";
			};
			name = Debug;
		};
		EA80E52529DB5DE900441BE9 /* Release */ = {
			isa = XCBuildConfiguration;
			buildSettings = {
				ASSETCATALOG_COMPILER_APPICON_NAME = AppIcon;
				ASSETCATALOG_COMPILER_GLOBAL_ACCENT_COLOR_NAME = AccentColor;
				CODE_SIGN_STYLE = Automatic;
				CURRENT_PROJECT_VERSION = 1;
				DEVELOPMENT_ASSET_PATHS = "\"Quoets-Ankara/Preview Content\"";
				DEVELOPMENT_TEAM = J6WDBVB643;
				ENABLE_PREVIEWS = YES;
				GENERATE_INFOPLIST_FILE = YES;
				INFOPLIST_KEY_UIApplicationSceneManifest_Generation = YES;
				INFOPLIST_KEY_UIApplicationSupportsIndirectInputEvents = YES;
				INFOPLIST_KEY_UILaunchScreen_Generation = YES;
				INFOPLIST_KEY_UISupportedInterfaceOrientations_iPad = "UIInterfaceOrientationPortrait UIInterfaceOrientationPortraitUpsideDown UIInterfaceOrientationLandscapeLeft UIInterfaceOrientationLandscapeRight";
				INFOPLIST_KEY_UISupportedInterfaceOrientations_iPhone = "UIInterfaceOrientationPortrait UIInterfaceOrientationLandscapeLeft UIInterfaceOrientationLandscapeRight";
				LD_RUNPATH_SEARCH_PATHS = (
					"$(inherited)",
					"@executable_path/Frameworks",
				);
				MARKETING_VERSION = 1.0;
				PRODUCT_BUNDLE_IDENTIFIER = "com.sametcagriaktepe.Quoets-Ankara";
				PRODUCT_NAME = "$(TARGET_NAME)";
				SWIFT_EMIT_LOC_STRINGS = YES;
				SWIFT_VERSION = 5.0;
				TARGETED_DEVICE_FAMILY = "1,2";
			};
			name = Release;
		};
/* End XCBuildConfiguration section */

/* Begin XCConfigurationList section */
		EA80E51029DB5DE400441BE9 /* Build configuration list for PBXProject "Quoets-Ankara" */ = {
			isa = XCConfigurationList;
			buildConfigurations = (
				EA80E52129DB5DE900441BE9 /* Debug */,
				EA80E52229DB5DE900441BE9 /* Release */,
			);
			defaultConfigurationIsVisible = 0;
			defaultConfigurationName = Release;
		};
		EA80E52329DB5DE900441BE9 /* Build configuration list for PBXNativeTarget "Quoets-Ankara" */ = {
			isa = XCConfigurationList;
			buildConfigurations = (
				EA80E52429DB5DE900441BE9 /* Debug */,
				EA80E52529DB5DE900441BE9 /* Release */,
			);
			defaultConfigurationIsVisible = 0;
			defaultConfigurationName = Release;
		};
/* End XCConfigurationList section */
	};
	rootObject = EA80E50D29DB5DE400441BE9 /* Project object */;
}
